
Microsoft Visual Studio Solution File, Format Version 12.00
# Visual Studio 15
VisualStudioVersion = 15.0.27703.2042
MinimumVisualStudioVersion = 10.0.40219.1
Project("{FAE04EC0-301F-11D3-BF4B-00C04F79EFBC}") = "PatternStrategy", "PatternStrategy\PatternStrategy.csproj", "{C836F586-353F-4661-B007-5D5583147EF4}"
EndProject
Global
	GlobalSection(SolutionConfigurationPlatforms) = preSolution
		Debug|Any CPU = Debug|Any CPU
		Release|Any CPU = Release|Any CPU
	EndGlobalSection
	GlobalSection(ProjectConfigurationPlatforms) = postSolution
		{C836F586-353F-4661-B007-5D5583147EF4}.Debug|Any CPU.ActiveCfg = Debug|Any CPU
		{C836F586-353F-4661-B007-5D5583147EF4}.Debug|Any CPU.Build.0 = Debug|Any CPU
		{C836F586-353F-4661-B007-5D5583147EF4}.Release|Any CPU.ActiveCfg = Release|Any CPU
		{C836F586-353F-4661-B007-5D5583147EF4}.Release|Any CPU.Build.0 = Release|Any CPU
	EndGlobalSection
	GlobalSection(SolutionProperties) = preSolution
		HideSolutionNode = FALSE
	EndGlobalSection
	GlobalSection(ExtensibilityGlobals) = postSolution
		SolutionGuid = {A1D59333-6BB7-4B72-9FE5-67ED6FD52CF1}
	EndGlobalSection
EndGlobal
